PODS:
  - AWSCognitoIdentityProvider (2.41.0):
    - AWSCognitoIdentityProviderASF (= 2.41.0)
    - AWSCore (= 2.41.0)
  - AWSCognitoIdentityProviderASF (2.41.0):
    - AWSCore (= 2.41.0)
  - AWSCore (2.41.0)
  - AWSS3 (2.41.0):
    - AWSCore (= 2.41.0)
  - Capacitor (7.0.0):
    - CapacitorCordova
  - CapacitorCordova (7.0.0)
  - truvideo-sdk-media (78.1.4):
    - AWSCognitoIdentityProvider
    - AWSCognitoIdentityProviderASF
    - AWSCore
    - AWSS3
  - TruvideoCapacitorMediaSdk (1.0.1-beta.1):
    - Capacitor
    - truvideo-sdk-media (= 78.1.4)

DEPENDENCIES:
  - "Capacitor (from `../../node_modules/@capacitor/ios`)"
  - "CapacitorCordova (from `../../node_modules/@capacitor/ios`)"
  - TruvideoCapacitorMediaSdk (from `../../..`)

SPEC REPOS:
  trunk:
    - AWSCognitoIdentityProvider
    - AWSCognitoIdentityProviderASF
    - AWSCore
    - AWSS3
    - truvideo-sdk-media

EXTERNAL SOURCES:
  Capacitor:
    :path: "../../node_modules/@capacitor/ios"
  CapacitorCordova:
    :path: "../../node_modules/@capacitor/ios"
  TruvideoCapacitorMediaSdk:
    :path: "../../.."

SPEC CHECKSUMS:
  AWSCognitoIdentityProvider: b7e2471bec75137ce392b9a8c60f3cee465c61bd
  AWSCognitoIdentityProviderASF: d26fedd80485c2f0f308741e02c4a9093921ad22
  AWSCore: ee7594bda3132cde8666328bf9a09d8770c1c100
  AWSS3: 50da7408a26c1c2886d02968807f2a0b6bf936ca
  Capacitor: 82d1f3b4480d66b5996814f74500dcbc0908558c
  CapacitorCordova: 345f93b7edd121db98e4ec20ac94d6d7bcaf7e48
  truvideo-sdk-media: 648c8e5052326714fffd2105ac06955962094783
  TruvideoCapacitorMediaSdk: d0b48a9cc1fc79cf97ff15fca8d67556ad3c55c9

PODFILE CHECKSUM: 9b5d03972ab1685132673a97ef68dba244fb1034

COCOAPODS: 1.16.2
